<?xml version="1.0" encoding="utf-8"?>
<Project ToolsVersion="4.0" xmlns="http://schemas.microsoft.com/developer/msbuild/2003">
  <ItemGroup>
    <ClInclude Include="City.h">
      <Filter>header</Filter>
    </ClInclude>
    <ClInclude Include="Colour.h">
      <Filter>header</Filter>
    </ClInclude>
    <ClInclude Include="Map.h">
      <Filter>header</Filter>
    </ClInclude>
    <ClInclude Include="Observer.h">
      <Filter>header</Filter>
    </ClInclude>
    <ClInclude Include="Observable.h">
      <Filter>header</Filter>
    </ClInclude>
    <ClInclude Include="Logger.h">
      <Filter>Loggers\header</Filter>
    </ClInclude>
    <ClInclude Include="LoggerDecorator.h">
      <Filter>Loggers\header</Filter>
    </ClInclude>
    <ClInclude Include="PlayerLogger.h">
      <Filter>Loggers\header</Filter>
    </ClInclude>
    <ClInclude Include="StreamLogger.h">
      <Filter>Loggers\header</Filter>
    </ClInclude>
    <ClInclude Include="TurnLogger.h">
      <Filter>Loggers\header</Filter>
    </ClInclude>
    <ClInclude Include="ActionPhase.h">
      <Filter>Turn Controllers\header</Filter>
    </ClInclude>
    <ClInclude Include="DrawPhase.h">
      <Filter>Turn Controllers\header</Filter>
    </ClInclude>
    <ClInclude Include="InfectPhase.h">
      <Filter>Turn Controllers\header</Filter>
    </ClInclude>
    <ClInclude Include="TurnController.h">
      <Filter>Turn Controllers\header</Filter>
    </ClInclude>
    <ClInclude Include="TurnPhase.h">
      <Filter>Turn Controllers\header</Filter>
    </ClInclude>
    <ClInclude Include="PhaseLogger.h">
      <Filter>Loggers\header</Filter>
    </ClInclude>
  </ItemGroup>
  <ItemGroup>
    <ClCompile Include="City.cpp">
      <Filter>src</Filter>
    </ClCompile>
    <ClCompile Include="Colour.cpp">
      <Filter>src</Filter>
    </ClCompile>
    <ClCompile Include="Map.cpp">
      <Filter>src</Filter>
    </ClCompile>
    <ClCompile Include="Observable.cpp">
      <Filter>src</Filter>
    </ClCompile>
    <ClCompile Include="Pandemic.cpp">
      <Filter>src</Filter>
    </ClCompile>
    <ClCompile Include="Logger.cpp">
      <Filter>Loggers\src</Filter>
    </ClCompile>
    <ClCompile Include="LoggerDecorator.cpp">
      <Filter>Loggers\src</Filter>
    </ClCompile>
    <ClCompile Include="PlayerLogger.cpp">
      <Filter>Loggers\src</Filter>
    </ClCompile>
    <ClCompile Include="StreamLogger.cpp">
      <Filter>Loggers\src</Filter>
    </ClCompile>
    <ClCompile Include="TurnLogger.cpp">
      <Filter>Loggers\src</Filter>
    </ClCompile>
    <ClCompile Include="ActionPhase.cpp">
      <Filter>Turn Controllers\src</Filter>
    </ClCompile>
    <ClCompile Include="DrawPhase.cpp">
      <Filter>Turn Controllers\src</Filter>
    </ClCompile>
    <ClCompile Include="InfectPhase.cpp">
      <Filter>Turn Controllers\src</Filter>
    </ClCompile>
    <ClCompile Include="TurnController.cpp">
      <Filter>Turn Controllers\src</Filter>
    </ClCompile>
    <ClCompile Include="TurnPhase.cpp">
      <Filter>Turn Controllers\src</Filter>
    </ClCompile>
    <ClCompile Include="PhaseLogger.cpp">
      <Filter>Loggers\src</Filter>
    </ClCompile>
  </ItemGroup>
  <ItemGroup>
    <None Include="earth.map" />
  </ItemGroup>
  <ItemGroup>
    <Filter Include="src">
      <UniqueIdentifier>{ecb31557-a07f-4566-9700-de8dd15cb953}</UniqueIdentifier>
    </Filter>
    <Filter Include="Loggers">
      <UniqueIdentifier>{f71b5447-d7e7-4aa1-a257-42db20b06fcc}</UniqueIdentifier>
    </Filter>
    <Filter Include="Loggers\header">
      <UniqueIdentifier>{962191bf-abbe-483f-9272-7a038c728dad}</UniqueIdentifier>
    </Filter>
    <Filter Include="Loggers\src">
      <UniqueIdentifier>{5e59b299-4161-4184-b714-66c01a335499}</UniqueIdentifier>
    </Filter>
    <Filter Include="header">
      <UniqueIdentifier>{8264fb6b-1e2c-48d4-a4d4-b50acc690ef1}</UniqueIdentifier>
    </Filter>
    <Filter Include="Turn Controllers">
      <UniqueIdentifier>{6c0e8ccb-1b2b-44b2-b31b-44865ce32437}</UniqueIdentifier>
    </Filter>
    <Filter Include="Turn Controllers\header">
      <UniqueIdentifier>{ad5e9ee8-6dc4-49ca-996a-67d8fd3021e8}</UniqueIdentifier>
    </Filter>
    <Filter Include="Turn Controllers\src">
      <UniqueIdentifier>{2784c4cb-84e2-457d-b90a-29debc5c121a}</UniqueIdentifier>
    </Filter>
  </ItemGroup>
</Project>